# THIS IS AN AUTOGENERATED FILE. DO NOT EDIT THIS FILE DIRECTLY.
# yarn lockfile v1


argparse@^1.0.7:
  version "1.0.10"
  resolved "https://registry.yarnpkg.com/argparse/-/argparse-1.0.10.tgz#bcd6791ea5ae09725e17e5ad988134cd40b3d911"
  dependencies:
    sprintf-js "~1.0.2"

async@~1.0.0:
  version "1.0.0"
  resolved "https://registry.yarnpkg.com/async/-/async-1.0.0.tgz#f8fc04ca3a13784ade9e1641af98578cfbd647a9"

buffer-from@^1.0.0:
  version "1.0.0"
  resolved "https://registry.yarnpkg.com/buffer-from/-/buffer-from-1.0.0.tgz#4cb8832d23612589b0406e9e2956c17f06fdf531"

cfn-lint@^1.7.1:
  version "1.7.1"
  resolved "https://registry.yarnpkg.com/cfn-lint/-/cfn-lint-1.7.1.tgz#624369e3afefa7880984f1637d185bb21b617635"
  dependencies:
    colors "^1.2.1"
    commander "^2.15.0"
    core-js "^2.5.1"
    js-yaml "^3.7.0"
    merge-options "^1.0.1"
    opn "^5.2.0"
    safe-buffer "^5.1.1"
    source-map-support "^0.5.0"
    winston "^2.4.0"

colors@1.0.x:
  version "1.0.3"
  resolved "https://registry.yarnpkg.com/colors/-/colors-1.0.3.tgz#0433f44d809680fdeb60ed260f1b0c262e82a40b"

colors@^1.2.1:
  version "1.2.5"
  resolved "https://registry.yarnpkg.com/colors/-/colors-1.2.5.tgz#89c7ad9a374bc030df8013241f68136ed8835afc"

commander@^2.15.0:
  version "2.15.1"
  resolved "https://registry.yarnpkg.com/commander/-/commander-2.15.1.tgz#df46e867d0fc2aec66a34662b406a9ccafff5b0f"

core-js@^2.5.1:
  version "2.5.6"
  resolved "https://registry.yarnpkg.com/core-js/-/core-js-2.5.6.tgz#0fe6d45bf3cac3ac364a9d72de7576f4eb221b9d"

cycle@1.0.x:
  version "1.0.3"
  resolved "https://registry.yarnpkg.com/cycle/-/cycle-1.0.3.tgz#21e80b2be8580f98b468f379430662b046c34ad2"

esprima@^4.0.0:
  version "4.0.0"
  resolved "https://registry.yarnpkg.com/esprima/-/esprima-4.0.0.tgz#4499eddcd1110e0b218bacf2fa7f7f59f55ca804"

eyes@0.1.x:
  version "0.1.8"
  resolved "https://registry.yarnpkg.com/eyes/-/eyes-0.1.8.tgz#62cf120234c683785d902348a800ef3e0cc20bc0"

is-plain-obj@^1.1:
  version "1.1.0"
  resolved "https://registry.yarnpkg.com/is-plain-obj/-/is-plain-obj-1.1.0.tgz#71a50c8429dfca773c92a390a4a03b39fcd51d3e"

is-wsl@^1.1.0:
  version "1.1.0"
  resolved "https://registry.yarnpkg.com/is-wsl/-/is-wsl-1.1.0.tgz#1f16e4aa22b04d1336b66188a66af3c600c3a66d"

isstream@0.1.x:
  version "0.1.2"
  resolved "https://registry.yarnpkg.com/isstream/-/isstream-0.1.2.tgz#47e63f7af55afa6f92e1500e690eb8b8529c099a"

js-yaml@^3.7.0:
  version "3.11.0"
  resolved "https://registry.yarnpkg.com/js-yaml/-/js-yaml-3.11.0.tgz#597c1a8bd57152f26d622ce4117851a51f5ebaef"
  dependencies:
    argparse "^1.0.7"
    esprima "^4.0.0"

merge-options@^1.0.1:
  version "1.0.1"
  resolved "https://registry.yarnpkg.com/merge-options/-/merge-options-1.0.1.tgz#2a64b24457becd4e4dc608283247e94ce589aa32"
  dependencies:
    is-plain-obj "^1.1"

opn@^5.2.0:
  version "5.3.0"
  resolved "https://registry.yarnpkg.com/opn/-/opn-5.3.0.tgz#64871565c863875f052cfdf53d3e3cb5adb53b1c"
  dependencies:
    is-wsl "^1.1.0"

safe-buffer@^5.1.1:
  version "5.1.2"
  resolved "https://registry.yarnpkg.com/safe-buffer/-/safe-buffer-5.1.2.tgz#991ec69d296e0313747d59bdfd2b745c35f8828d"

source-map-support@^0.5.0:
  version "0.5.6"
  resolved "https://registry.yarnpkg.com/source-map-support/-/source-map-support-0.5.6.tgz#4435cee46b1aab62b8e8610ce60f788091c51c13"
  dependencies:
    buffer-from "^1.0.0"
    source-map "^0.6.0"

source-map@^0.6.0:
  version "0.6.1"
  resolved "https://registry.yarnpkg.com/source-map/-/source-map-0.6.1.tgz#74722af32e9614e9c287a8d0bbde48b5e2f1a263"

sprintf-js@~1.0.2:
  version "1.0.3"
  resolved "https://registry.yarnpkg.com/sprintf-js/-/sprintf-js-1.0.3.tgz#04e6926f662895354f3dd015203633b857297e2c"

stack-trace@0.0.x:
  version "0.0.10"
  resolved "https://registry.yarnpkg.com/stack-trace/-/stack-trace-0.0.10.tgz#547c70b347e8d32b4e108ea1a2a159e5fdde19c0"

winston@^2.4.0:
  version "2.4.2"
  resolved "https://registry.yarnpkg.com/winston/-/winston-2.4.2.tgz#3ca01f763116fc48db61053b7544e750431f8db0"
  dependencies:
    async "~1.0.0"
    colors "1.0.x"
    cycle "1.0.x"
    eyes "0.1.x"
    isstream "0.1.x"
    stack-trace "0.0.x"
